
Microsoft Visual Studio Solution File, Format Version 12.00
# Visual Studio Version 17
VisualStudioVersion = 17.4.33213.308
MinimumVisualStudioVersion = 10.0.40219.1
Project("{2150E333-8FDC-42A3-9474-1A3956D46DE8}") = "Services", "Services", "{23DB6D37-E7C4-4470-A6B4-9819B1595F77}"
EndProject
Project("{2150E333-8FDC-42A3-9474-1A3956D46DE8}") = "Catalog", "Catalog", "{45F4354F-C5A4-4D4E-AD1A-39AD31DBE813}"
EndProject
Project("{9A19103F-16F7-4668-BE54-9A1E7A4F7556}") = "Catalog.API", "Services\Catalog\Catalog.API\Catalog.API.csproj", "{BFF85829-9F4A-4912-AE70-C2DDA9E95EDB}"
EndProject
Project("{E53339B2-1760-4266-BCC7-CA923CBCF16C}") = "docker-compose", "docker-compose.dcproj", "{17F2BC7D-32F3-4F84-B019-7ED987DCAFCD}"
	ProjectSection(ProjectDependencies) = postProject
		{84CAC7D5-7E53-4500-B1C8-477D74E80D96} = {84CAC7D5-7E53-4500-B1C8-477D74E80D96}
		{BFF85829-9F4A-4912-AE70-C2DDA9E95EDB} = {BFF85829-9F4A-4912-AE70-C2DDA9E95EDB}
		{DBAECB77-2DB2-4E12-8795-6983BD9E01E1} = {DBAECB77-2DB2-4E12-8795-6983BD9E01E1}
		{FC38AABB-5188-4761-9106-E29C4BEECACD} = {FC38AABB-5188-4761-9106-E29C4BEECACD}
	EndProjectSection
EndProject
Project("{2150E333-8FDC-42A3-9474-1A3956D46DE8}") = "Basket", "Basket", "{EA54DDF1-822B-45BC-92CF-649AF9B6EA98}"
EndProject
Project("{9A19103F-16F7-4668-BE54-9A1E7A4F7556}") = "Basket.API", "Services\Basket\Basket.API\Basket.API.csproj", "{84CAC7D5-7E53-4500-B1C8-477D74E80D96}"
	ProjectSection(ProjectDependencies) = postProject
		{FC38AABB-5188-4761-9106-E29C4BEECACD} = {FC38AABB-5188-4761-9106-E29C4BEECACD}
	EndProjectSection
EndProject
Project("{2150E333-8FDC-42A3-9474-1A3956D46DE8}") = "Discount", "Discount", "{CAC7660C-33EA-4A29-8992-7300DFAB6188}"
EndProject
Project("{9A19103F-16F7-4668-BE54-9A1E7A4F7556}") = "Discount.API", "Services\Discount\Discount.API\Discount.API.csproj", "{DBAECB77-2DB2-4E12-8795-6983BD9E01E1}"
EndProject
Project("{9A19103F-16F7-4668-BE54-9A1E7A4F7556}") = "Discount.Grpc", "Services\Discount\Discount.Grpc\Discount.Grpc.csproj", "{FC38AABB-5188-4761-9106-E29C4BEECACD}"
EndProject
Project("{2150E333-8FDC-42A3-9474-1A3956D46DE8}") = "Ordering", "Ordering", "{408399C5-A28D-4697-8729-BDB925469CD8}"
EndProject
Project("{9A19103F-16F7-4668-BE54-9A1E7A4F7556}") = "Ordering.API", "Services\Ordering\Ordering.API\Ordering.API.csproj", "{EF91E8A4-501E-4194-9745-9152A3E8D970}"
EndProject
Project("{9A19103F-16F7-4668-BE54-9A1E7A4F7556}") = "Ordering.Domain", "Services\Ordering\Ordering.Domain\Ordering.Domain.csproj", "{DC0D272F-839F-4768-8342-2F6D088A585B}"
EndProject
Project("{9A19103F-16F7-4668-BE54-9A1E7A4F7556}") = "Ordering.Application", "Services\Ordering\Ordering.Application\Ordering.Application.csproj", "{0AA33EC2-C759-48BC-88D5-941D004712CE}"
EndProject
Project("{9A19103F-16F7-4668-BE54-9A1E7A4F7556}") = "Ordering.Infrastructure", "Services\Ordering\Ordering.Infrastructure\Ordering.Infrastructure.csproj", "{9C6BEAB4-A7C9-4CF3-A5C8-3884D1E61C71}"
EndProject
Project("{2150E333-8FDC-42A3-9474-1A3956D46DE8}") = "BuildingBlocks", "BuildingBlocks", "{EB2BC3C1-6246-4B83-9FCA-EA9723C22B86}"
EndProject
Project("{9A19103F-16F7-4668-BE54-9A1E7A4F7556}") = "EventBus.Messages", "BuildingBlocks\EventBus.Messages\EventBus.Messages.csproj", "{2BF0BFBD-6DB9-4198-AF34-7DEB2F4F5637}"
EndProject
Project("{2150E333-8FDC-42A3-9474-1A3956D46DE8}") = "ApiGateways", "ApiGateways", "{A12E4987-9F46-4582-9833-52465FCCFCE2}"
EndProject
Project("{9A19103F-16F7-4668-BE54-9A1E7A4F7556}") = "OcelotApiGw", "ApiGateways\OcelotApiGw\OcelotApiGw.csproj", "{05ACE38E-5965-4D97-B93D-5B9FA77261AF}"
EndProject
Project("{9A19103F-16F7-4668-BE54-9A1E7A4F7556}") = "Shopping.Aggregator", "ApiGateways\Shopping.Aggregator\Shopping.Aggregator.csproj", "{41257364-6B9A-45E8-9C45-5BD9D5773F74}"
EndProject
Project("{2150E333-8FDC-42A3-9474-1A3956D46DE8}") = "WebApps", "WebApps", "{C1F1C919-3999-4091-94CF-49B2D033425F}"
EndProject
Project("{9A19103F-16F7-4668-BE54-9A1E7A4F7556}") = "AspNetRunBasics", "WebApps\AspNetRunBasics\AspNetRunBasics.csproj", "{C040AF3C-A7CF-49E1-9DFE-4606DE3124D8}"
EndProject
Project("{9A19103F-16F7-4668-BE54-9A1E7A4F7556}") = "Common.Logging", "BuildingBlocks\Common.Logging\Common.Logging.csproj", "{BD23CDEB-CE5C-4026-B099-2D242F9416FD}"
EndProject
Project("{FAE04EC0-301F-11D3-BF4B-00C04F79EFBC}") = "WebStatus", "WebApps\WebStatus\WebStatus.csproj", "{3DE206A0-3A5C-4C85-A0F6-4D34EA418DB1}"
EndProject
Global
	GlobalSection(SolutionConfigurationPlatforms) = preSolution
		Debug|Any CPU = Debug|Any CPU
		Release|Any CPU = Release|Any CPU
	EndGlobalSection
	GlobalSection(ProjectConfigurationPlatforms) = postSolution
		{BFF85829-9F4A-4912-AE70-C2DDA9E95EDB}.Debug|Any CPU.ActiveCfg = Debug|Any CPU
		{BFF85829-9F4A-4912-AE70-C2DDA9E95EDB}.Debug|Any CPU.Build.0 = Debug|Any CPU
		{BFF85829-9F4A-4912-AE70-C2DDA9E95EDB}.Release|Any CPU.ActiveCfg = Release|Any CPU
		{BFF85829-9F4A-4912-AE70-C2DDA9E95EDB}.Release|Any CPU.Build.0 = Release|Any CPU
		{17F2BC7D-32F3-4F84-B019-7ED987DCAFCD}.Debug|Any CPU.ActiveCfg = Debug|Any CPU
		{17F2BC7D-32F3-4F84-B019-7ED987DCAFCD}.Debug|Any CPU.Build.0 = Debug|Any CPU
		{17F2BC7D-32F3-4F84-B019-7ED987DCAFCD}.Release|Any CPU.ActiveCfg = Release|Any CPU
		{17F2BC7D-32F3-4F84-B019-7ED987DCAFCD}.Release|Any CPU.Build.0 = Release|Any CPU
		{84CAC7D5-7E53-4500-B1C8-477D74E80D96}.Debug|Any CPU.ActiveCfg = Debug|Any CPU
		{84CAC7D5-7E53-4500-B1C8-477D74E80D96}.Debug|Any CPU.Build.0 = Debug|Any CPU
		{84CAC7D5-7E53-4500-B1C8-477D74E80D96}.Release|Any CPU.ActiveCfg = Release|Any CPU
		{84CAC7D5-7E53-4500-B1C8-477D74E80D96}.Release|Any CPU.Build.0 = Release|Any CPU
		{DBAECB77-2DB2-4E12-8795-6983BD9E01E1}.Debug|Any CPU.ActiveCfg = Debug|Any CPU
		{DBAECB77-2DB2-4E12-8795-6983BD9E01E1}.Debug|Any CPU.Build.0 = Debug|Any CPU
		{DBAECB77-2DB2-4E12-8795-6983BD9E01E1}.Release|Any CPU.ActiveCfg = Release|Any CPU
		{DBAECB77-2DB2-4E12-8795-6983BD9E01E1}.Release|Any CPU.Build.0 = Release|Any CPU
		{FC38AABB-5188-4761-9106-E29C4BEECACD}.Debug|Any CPU.ActiveCfg = Debug|Any CPU
		{FC38AABB-5188-4761-9106-E29C4BEECACD}.Debug|Any CPU.Build.0 = Debug|Any CPU
		{FC38AABB-5188-4761-9106-E29C4BEECACD}.Release|Any CPU.ActiveCfg = Release|Any CPU
		{FC38AABB-5188-4761-9106-E29C4BEECACD}.Release|Any CPU.Build.0 = Release|Any CPU
		{EF91E8A4-501E-4194-9745-9152A3E8D970}.Debug|Any CPU.ActiveCfg = Debug|Any CPU
		{EF91E8A4-501E-4194-9745-9152A3E8D970}.Debug|Any CPU.Build.0 = Debug|Any CPU
		{EF91E8A4-501E-4194-9745-9152A3E8D970}.Release|Any CPU.ActiveCfg = Release|Any CPU
		{EF91E8A4-501E-4194-9745-9152A3E8D970}.Release|Any CPU.Build.0 = Release|Any CPU
		{DC0D272F-839F-4768-8342-2F6D088A585B}.Debug|Any CPU.ActiveCfg = Debug|Any CPU
		{DC0D272F-839F-4768-8342-2F6D088A585B}.Debug|Any CPU.Build.0 = Debug|Any CPU
		{DC0D272F-839F-4768-8342-2F6D088A585B}.Release|Any CPU.ActiveCfg = Release|Any CPU
		{DC0D272F-839F-4768-8342-2F6D088A585B}.Release|Any CPU.Build.0 = Release|Any CPU
		{0AA33EC2-C759-48BC-88D5-941D004712CE}.Debug|Any CPU.ActiveCfg = Debug|Any CPU
		{0AA33EC2-C759-48BC-88D5-941D004712CE}.Debug|Any CPU.Build.0 = Debug|Any CPU
		{0AA33EC2-C759-48BC-88D5-941D004712CE}.Release|Any CPU.ActiveCfg = Release|Any CPU
		{0AA33EC2-C759-48BC-88D5-941D004712CE}.Release|Any CPU.Build.0 = Release|Any CPU
		{9C6BEAB4-A7C9-4CF3-A5C8-3884D1E61C71}.Debug|Any CPU.ActiveCfg = Debug|Any CPU
		{9C6BEAB4-A7C9-4CF3-A5C8-3884D1E61C71}.Debug|Any CPU.Build.0 = Debug|Any CPU
		{9C6BEAB4-A7C9-4CF3-A5C8-3884D1E61C71}.Release|Any CPU.ActiveCfg = Release|Any CPU
		{9C6BEAB4-A7C9-4CF3-A5C8-3884D1E61C71}.Release|Any CPU.Build.0 = Release|Any CPU
		{2BF0BFBD-6DB9-4198-AF34-7DEB2F4F5637}.Debug|Any CPU.ActiveCfg = Debug|Any CPU
		{2BF0BFBD-6DB9-4198-AF34-7DEB2F4F5637}.Debug|Any CPU.Build.0 = Debug|Any CPU
		{2BF0BFBD-6DB9-4198-AF34-7DEB2F4F5637}.Release|Any CPU.ActiveCfg = Release|Any CPU
		{2BF0BFBD-6DB9-4198-AF34-7DEB2F4F5637}.Release|Any CPU.Build.0 = Release|Any CPU
		{05ACE38E-5965-4D97-B93D-5B9FA77261AF}.Debug|Any CPU.ActiveCfg = Debug|Any CPU
		{05ACE38E-5965-4D97-B93D-5B9FA77261AF}.Debug|Any CPU.Build.0 = Debug|Any CPU
		{05ACE38E-5965-4D97-B93D-5B9FA77261AF}.Release|Any CPU.ActiveCfg = Release|Any CPU
		{05ACE38E-5965-4D97-B93D-5B9FA77261AF}.Release|Any CPU.Build.0 = Release|Any CPU
		{41257364-6B9A-45E8-9C45-5BD9D5773F74}.Debug|Any CPU.ActiveCfg = Debug|Any CPU
		{41257364-6B9A-45E8-9C45-5BD9D5773F74}.Debug|Any CPU.Build.0 = Debug|Any CPU
		{41257364-6B9A-45E8-9C45-5BD9D5773F74}.Release|Any CPU.ActiveCfg = Release|Any CPU
		{41257364-6B9A-45E8-9C45-5BD9D5773F74}.Release|Any CPU.Build.0 = Release|Any CPU
		{C040AF3C-A7CF-49E1-9DFE-4606DE3124D8}.Debug|Any CPU.ActiveCfg = Debug|Any CPU
		{C040AF3C-A7CF-49E1-9DFE-4606DE3124D8}.Debug|Any CPU.Build.0 = Debug|Any CPU
		{C040AF3C-A7CF-49E1-9DFE-4606DE3124D8}.Release|Any CPU.ActiveCfg = Release|Any CPU
		{C040AF3C-A7CF-49E1-9DFE-4606DE3124D8}.Release|Any CPU.Build.0 = Release|Any CPU
		{BD23CDEB-CE5C-4026-B099-2D242F9416FD}.Debug|Any CPU.ActiveCfg = Debug|Any CPU
		{BD23CDEB-CE5C-4026-B099-2D242F9416FD}.Debug|Any CPU.Build.0 = Debug|Any CPU
		{BD23CDEB-CE5C-4026-B099-2D242F9416FD}.Release|Any CPU.ActiveCfg = Release|Any CPU
		{BD23CDEB-CE5C-4026-B099-2D242F9416FD}.Release|Any CPU.Build.0 = Release|Any CPU
		{3DE206A0-3A5C-4C85-A0F6-4D34EA418DB1}.Debug|Any CPU.ActiveCfg = Debug|Any CPU
		{3DE206A0-3A5C-4C85-A0F6-4D34EA418DB1}.Debug|Any CPU.Build.0 = Debug|Any CPU
		{3DE206A0-3A5C-4C85-A0F6-4D34EA418DB1}.Release|Any CPU.ActiveCfg = Release|Any CPU
		{3DE206A0-3A5C-4C85-A0F6-4D34EA418DB1}.Release|Any CPU.Build.0 = Release|Any CPU
	EndGlobalSection
	GlobalSection(SolutionProperties) = preSolution
		HideSolutionNode = FALSE
	EndGlobalSection
	GlobalSection(NestedProjects) = preSolution
		{45F4354F-C5A4-4D4E-AD1A-39AD31DBE813} = {23DB6D37-E7C4-4470-A6B4-9819B1595F77}
		{BFF85829-9F4A-4912-AE70-C2DDA9E95EDB} = {45F4354F-C5A4-4D4E-AD1A-39AD31DBE813}
		{EA54DDF1-822B-45BC-92CF-649AF9B6EA98} = {23DB6D37-E7C4-4470-A6B4-9819B1595F77}
		{84CAC7D5-7E53-4500-B1C8-477D74E80D96} = {EA54DDF1-822B-45BC-92CF-649AF9B6EA98}
		{CAC7660C-33EA-4A29-8992-7300DFAB6188} = {23DB6D37-E7C4-4470-A6B4-9819B1595F77}
		{DBAECB77-2DB2-4E12-8795-6983BD9E01E1} = {CAC7660C-33EA-4A29-8992-7300DFAB6188}
		{FC38AABB-5188-4761-9106-E29C4BEECACD} = {CAC7660C-33EA-4A29-8992-7300DFAB6188}
		{408399C5-A28D-4697-8729-BDB925469CD8} = {23DB6D37-E7C4-4470-A6B4-9819B1595F77}
		{EF91E8A4-501E-4194-9745-9152A3E8D970} = {408399C5-A28D-4697-8729-BDB925469CD8}
		{DC0D272F-839F-4768-8342-2F6D088A585B} = {408399C5-A28D-4697-8729-BDB925469CD8}
		{0AA33EC2-C759-48BC-88D5-941D004712CE} = {408399C5-A28D-4697-8729-BDB925469CD8}
		{9C6BEAB4-A7C9-4CF3-A5C8-3884D1E61C71} = {408399C5-A28D-4697-8729-BDB925469CD8}
		{2BF0BFBD-6DB9-4198-AF34-7DEB2F4F5637} = {EB2BC3C1-6246-4B83-9FCA-EA9723C22B86}
		{05ACE38E-5965-4D97-B93D-5B9FA77261AF} = {A12E4987-9F46-4582-9833-52465FCCFCE2}
		{41257364-6B9A-45E8-9C45-5BD9D5773F74} = {A12E4987-9F46-4582-9833-52465FCCFCE2}
		{C040AF3C-A7CF-49E1-9DFE-4606DE3124D8} = {C1F1C919-3999-4091-94CF-49B2D033425F}
		{BD23CDEB-CE5C-4026-B099-2D242F9416FD} = {EB2BC3C1-6246-4B83-9FCA-EA9723C22B86}
		{3DE206A0-3A5C-4C85-A0F6-4D34EA418DB1} = {C1F1C919-3999-4091-94CF-49B2D033425F}
	EndGlobalSection
	GlobalSection(ExtensibilityGlobals) = postSolution
		SolutionGuid = {63B90AA9-1A12-4D02-AF6C-EE8D6026B31A}
	EndGlobalSection
EndGlobal
