
Microsoft Visual Studio Solution File, Format Version 12.00
# Visual Studio Version 17
VisualStudioVersion = 17.4.33213.308
MinimumVisualStudioVersion = 10.0.40219.1
Project("{2150E333-8FDC-42A3-9474-1A3956D46DE8}") = "Services", "Services", "{23DB6D37-E7C4-4470-A6B4-9819B1595F77}"
EndProject
Project("{2150E333-8FDC-42A3-9474-1A3956D46DE8}") = "Catalog", "Catalog", "{45F4354F-C5A4-4D4E-AD1A-39AD31DBE813}"
EndProject
Project("{9A19103F-16F7-4668-BE54-9A1E7A4F7556}") = "Catalog.API", "Services\Catalog\Catalog.API\Catalog.API.csproj", "{BFF85829-9F4A-4912-AE70-C2DDA9E95EDB}"
EndProject
Project("{E53339B2-1760-4266-BCC7-CA923CBCF16C}") = "docker-compose", "docker-compose.dcproj", "{17F2BC7D-32F3-4F84-B019-7ED987DCAFCD}"
EndProject
Project("{2150E333-8FDC-42A3-9474-1A3956D46DE8}") = "Basket", "Basket", "{EA54DDF1-822B-45BC-92CF-649AF9B6EA98}"
EndProject
Project("{9A19103F-16F7-4668-BE54-9A1E7A4F7556}") = "Basket.API", "Services\Basket\Basket.API\Basket.API.csproj", "{84CAC7D5-7E53-4500-B1C8-477D74E80D96}"
EndProject
Project("{2150E333-8FDC-42A3-9474-1A3956D46DE8}") = "Discount", "Discount", "{CAC7660C-33EA-4A29-8992-7300DFAB6188}"
EndProject
Project("{9A19103F-16F7-4668-BE54-9A1E7A4F7556}") = "Discount.API", "Services\Discount\Discount.API\Discount.API.csproj", "{DBAECB77-2DB2-4E12-8795-6983BD9E01E1}"
EndProject
Project("{9A19103F-16F7-4668-BE54-9A1E7A4F7556}") = "Discount.Grpc", "Services\Discount\Discount.Grpc\Discount.Grpc.csproj", "{FC38AABB-5188-4761-9106-E29C4BEECACD}"
EndProject
Global
	GlobalSection(SolutionConfigurationPlatforms) = preSolution
		Debug|Any CPU = Debug|Any CPU
		Release|Any CPU = Release|Any CPU
	EndGlobalSection
	GlobalSection(ProjectConfigurationPlatforms) = postSolution
		{BFF85829-9F4A-4912-AE70-C2DDA9E95EDB}.Debug|Any CPU.ActiveCfg = Debug|Any CPU
		{BFF85829-9F4A-4912-AE70-C2DDA9E95EDB}.Debug|Any CPU.Build.0 = Debug|Any CPU
		{BFF85829-9F4A-4912-AE70-C2DDA9E95EDB}.Release|Any CPU.ActiveCfg = Release|Any CPU
		{BFF85829-9F4A-4912-AE70-C2DDA9E95EDB}.Release|Any CPU.Build.0 = Release|Any CPU
		{17F2BC7D-32F3-4F84-B019-7ED987DCAFCD}.Debug|Any CPU.ActiveCfg = Debug|Any CPU
		{17F2BC7D-32F3-4F84-B019-7ED987DCAFCD}.Debug|Any CPU.Build.0 = Debug|Any CPU
		{17F2BC7D-32F3-4F84-B019-7ED987DCAFCD}.Release|Any CPU.ActiveCfg = Release|Any CPU
		{17F2BC7D-32F3-4F84-B019-7ED987DCAFCD}.Release|Any CPU.Build.0 = Release|Any CPU
		{84CAC7D5-7E53-4500-B1C8-477D74E80D96}.Debug|Any CPU.ActiveCfg = Debug|Any CPU
		{84CAC7D5-7E53-4500-B1C8-477D74E80D96}.Debug|Any CPU.Build.0 = Debug|Any CPU
		{84CAC7D5-7E53-4500-B1C8-477D74E80D96}.Release|Any CPU.ActiveCfg = Release|Any CPU
		{84CAC7D5-7E53-4500-B1C8-477D74E80D96}.Release|Any CPU.Build.0 = Release|Any CPU
		{DBAECB77-2DB2-4E12-8795-6983BD9E01E1}.Debug|Any CPU.ActiveCfg = Debug|Any CPU
		{DBAECB77-2DB2-4E12-8795-6983BD9E01E1}.Debug|Any CPU.Build.0 = Debug|Any CPU
		{DBAECB77-2DB2-4E12-8795-6983BD9E01E1}.Release|Any CPU.ActiveCfg = Release|Any CPU
		{DBAECB77-2DB2-4E12-8795-6983BD9E01E1}.Release|Any CPU.Build.0 = Release|Any CPU
		{FC38AABB-5188-4761-9106-E29C4BEECACD}.Debug|Any CPU.ActiveCfg = Debug|Any CPU
		{FC38AABB-5188-4761-9106-E29C4BEECACD}.Debug|Any CPU.Build.0 = Debug|Any CPU
		{FC38AABB-5188-4761-9106-E29C4BEECACD}.Release|Any CPU.ActiveCfg = Release|Any CPU
		{FC38AABB-5188-4761-9106-E29C4BEECACD}.Release|Any CPU.Build.0 = Release|Any CPU
	EndGlobalSection
	GlobalSection(SolutionProperties) = preSolution
		HideSolutionNode = FALSE
	EndGlobalSection
	GlobalSection(NestedProjects) = preSolution
		{45F4354F-C5A4-4D4E-AD1A-39AD31DBE813} = {23DB6D37-E7C4-4470-A6B4-9819B1595F77}
		{BFF85829-9F4A-4912-AE70-C2DDA9E95EDB} = {45F4354F-C5A4-4D4E-AD1A-39AD31DBE813}
		{EA54DDF1-822B-45BC-92CF-649AF9B6EA98} = {23DB6D37-E7C4-4470-A6B4-9819B1595F77}
		{84CAC7D5-7E53-4500-B1C8-477D74E80D96} = {EA54DDF1-822B-45BC-92CF-649AF9B6EA98}
		{CAC7660C-33EA-4A29-8992-7300DFAB6188} = {23DB6D37-E7C4-4470-A6B4-9819B1595F77}
		{DBAECB77-2DB2-4E12-8795-6983BD9E01E1} = {CAC7660C-33EA-4A29-8992-7300DFAB6188}
		{FC38AABB-5188-4761-9106-E29C4BEECACD} = {CAC7660C-33EA-4A29-8992-7300DFAB6188}
	EndGlobalSection
	GlobalSection(ExtensibilityGlobals) = postSolution
		SolutionGuid = {63B90AA9-1A12-4D02-AF6C-EE8D6026B31A}
	EndGlobalSection
EndGlobal
